// !$*UTF8*$!
{
	archiveVersion = 1;
	classes = {
	};
	objectVersion = 56;
	objects = {

/* Begin PBXBuildFile section */
		8F45A0782B47964800BE1C43 /* AppDelegate.swift in Sources */ = {isa = PBXBuildFile; fileRef = 8F45A0772B47964800BE1C43 /* AppDelegate.swift */; };
		8F45A07A2B47964800BE1C43 /* SceneDelegate.swift in Sources */ = {isa = PBXBuildFile; fileRef = 8F45A0792B47964800BE1C43 /* SceneDelegate.swift */; };
		8F45A07F2B47964800BE1C43 /* Main.storyboard in Resources */ = {isa = PBXBuildFile; fileRef = 8F45A07D2B47964800BE1C43 /* Main.storyboard */; };
		8F45A0812B47964A00BE1C43 /* Assets.xcassets in Resources */ = {isa = PBXBuildFile; fileRef = 8F45A0802B47964A00BE1C43 /* Assets.xcassets */; };
		8F45A0842B47964A00BE1C43 /* LaunchScreen.storyboard in Resources */ = {isa = PBXBuildFile; fileRef = 8F45A0822B47964A00BE1C43 /* LaunchScreen.storyboard */; };
		8F45A08F2B47964A00BE1C43 /* TableTodoListTests.swift in Sources */ = {isa = PBXBuildFile; fileRef = 8F45A08E2B47964A00BE1C43 /* TableTodoListTests.swift */; };
		8F45A0992B47964A00BE1C43 /* TableTodoListUITests.swift in Sources */ = {isa = PBXBuildFile; fileRef = 8F45A0982B47964A00BE1C43 /* TableTodoListUITests.swift */; };
		8F45A09B2B47964A00BE1C43 /* TableTodoListUITestsLaunchTests.swift in Sources */ = {isa = PBXBuildFile; fileRef = 8F45A09A2B47964A00BE1C43 /* TableTodoListUITestsLaunchTests.swift */; };
		8F45A0A82B47EBC600BE1C43 /* TableViewController.swift in Sources */ = {isa = PBXBuildFile; fileRef = 8F45A0A72B47EBC600BE1C43 /* TableViewController.swift */; };
		8F45A0AC2B47EC8A00BE1C43 /* AddViewController.swift in Sources */ = {isa = PBXBuildFile; fileRef = 8F45A0AB2B47EC8A00BE1C43 /* AddViewController.swift */; };
		8F45A0AE2B47ECD900BE1C43 /* DetailViewController.swift in Sources */ = {isa = PBXBuildFile; fileRef = 8F45A0AD2B47ECD900BE1C43 /* DetailViewController.swift */; };
		8F45A0B22B47F48900BE1C43 /* clock.png in Resources */ = {isa = PBXBuildFile; fileRef = 8F45A0AF2B47F48900BE1C43 /* clock.png */; };
		8F45A0B32B47F48900BE1C43 /* cart.png in Resources */ = {isa = PBXBuildFile; fileRef = 8F45A0B02B47F48900BE1C43 /* cart.png */; };
		8F45A0B42B47F48900BE1C43 /* pencil.png in Resources */ = {isa = PBXBuildFile; fileRef = 8F45A0B12B47F48900BE1C43 /* pencil.png */; };
/* End PBXBuildFile section */

/* Begin PBXContainerItemProxy section */
		8F45A08B2B47964A00BE1C43 /* PBXContainerItemProxy */ = {
			isa = PBXContainerItemProxy;
			containerPortal = 8F45A06C2B47964800BE1C43 /* Project object */;
			proxyType = 1;
			remoteGlobalIDString = 8F45A0732B47964800BE1C43;
			remoteInfo = TableTodoList;
		};
		8F45A0952B47964A00BE1C43 /* PBXContainerItemProxy */ = {
			isa = PBXContainerItemProxy;
			containerPortal = 8F45A06C2B47964800BE1C43 /* Project object */;
			proxyType = 1;
			remoteGlobalIDString = 8F45A0732B47964800BE1C43;
			remoteInfo = TableTodoList;
		};
/* End PBXContainerItemProxy section */

/* Begin PBXFileReference section */
		8F45A0742B47964800BE1C43 /* TableTodoList.app */ = {isa = PBXFileReference; explicitFileType = wrapper.application; includeInIndex = 0; path = TableTodoList.app; sourceTree = BUILT_PRODUCTS_DIR; };
		8F45A0772B47964800BE1C43 /* AppDelegate.swift */ = {isa = PBXFileReference; lastKnownFileType = sourcecode.swift; path = AppDelegate.swift; sourceTree = "<group>"; };
		8F45A0792B47964800BE1C43 /* SceneDelegate.swift */ = {isa = PBXFileReference; lastKnownFileType = sourcecode.swift; path = SceneDelegate.swift; sourceTree = "<group>"; };
		8F45A07E2B47964800BE1C43 /* Base */ = {isa = PBXFileReference; lastKnownFileType = file.storyboard; name = Base; path = Base.lproj/Main.storyboard; sourceTree = "<group>"; };
		8F45A0802B47964A00BE1C43 /* Assets.xcassets */ = {isa = PBXFileReference; lastKnownFileType = folder.assetcatalog; path = Assets.xcassets; sourceTree = "<group>"; };
		8F45A0832B47964A00BE1C43 /* Base */ = {isa = PBXFileReference; lastKnownFileType = file.storyboard; name = Base; path = Base.lproj/LaunchScreen.storyboard; sourceTree = "<group>"; };
		8F45A0852B47964A00BE1C43 /* Info.plist */ = {isa = PBXFileReference; lastKnownFileType = text.plist.xml; path = Info.plist; sourceTree = "<group>"; };
		8F45A08A2B47964A00BE1C43 /* TableTodoListTests.xctest */ = {isa = PBXFileReference; explicitFileType = wrapper.cfbundle; includeInIndex = 0; path = TableTodoListTests.xctest; sourceTree = BUILT_PRODUCTS_DIR; };
		8F45A08E2B47964A00BE1C43 /* TableTodoListTests.swift */ = {isa = PBXFileReference; lastKnownFileType = sourcecode.swift; path = TableTodoListTests.swift; sourceTree = "<group>"; };
		8F45A0942B47964A00BE1C43 /* TableTodoListUITests.xctest */ = {isa = PBXFileReference; explicitFileType = wrapper.cfbundle; includeInIndex = 0; path = TableTodoListUITests.xctest; sourceTree = BUILT_PRODUCTS_DIR; };
		8F45A0982B47964A00BE1C43 /* TableTodoListUITests.swift */ = {isa = PBXFileReference; lastKnownFileType = sourcecode.swift; path = TableTodoListUITests.swift; sourceTree = "<group>"; };
		8F45A09A2B47964A00BE1C43 /* TableTodoListUITestsLaunchTests.swift */ = {isa = PBXFileReference; lastKnownFileType = sourcecode.swift; path = TableTodoListUITestsLaunchTests.swift; sourceTree = "<group>"; };
		8F45A0A72B47EBC600BE1C43 /* TableViewController.swift */ = {isa = PBXFileReference; lastKnownFileType = sourcecode.swift; path = TableViewController.swift; sourceTree = "<group>"; };
		8F45A0AB2B47EC8A00BE1C43 /* AddViewController.swift */ = {isa = PBXFileReference; lastKnownFileType = sourcecode.swift; path = AddViewController.swift; sourceTree = "<group>"; };
		8F45A0AD2B47ECD900BE1C43 /* DetailViewController.swift */ = {isa = PBXFileReference; lastKnownFileType = sourcecode.swift; path = DetailViewController.swift; sourceTree = "<group>"; };
		8F45A0AF2B47F48900BE1C43 /* clock.png */ = {isa = PBXFileReference; lastKnownFileType = image.png; path = clock.png; sourceTree = "<group>"; };
		8F45A0B02B47F48900BE1C43 /* cart.png */ = {isa = PBXFileReference; lastKnownFileType = image.png; path = cart.png; sourceTree = "<group>"; };
		8F45A0B12B47F48900BE1C43 /* pencil.png */ = {isa = PBXFileReference; lastKnownFileType = image.png; path = pencil.png; sourceTree = "<group>"; };
/* End PBXFileReference section */

/* Begin PBXFrameworksBuildPhase section */
		8F45A0712B47964800BE1C43 /* Frameworks */ = {
			isa = PBXFrameworksBuildPhase;
			buildActionMask = 2147483647;
			files = (
			);
			runOnlyForDeploymentPostprocessing = 0;
		};
		8F45A0872B47964A00BE1C43 /* Frameworks */ = {
			isa = PBXFrameworksBuildPhase;
			buildActionMask = 2147483647;
			files = (
			);
			runOnlyForDeploymentPostprocessing = 0;
		};
		8F45A0912B47964A00BE1C43 /* Frameworks */ = {
			isa = PBXFrameworksBuildPhase;
			buildActionMask = 2147483647;
			files = (
			);
			runOnlyForDeploymentPostprocessing = 0;
		};
/* End PBXFrameworksBuildPhase section */

/* Begin PBXGroup section */
		8F45A06B2B47964800BE1C43 = {
			isa = PBXGroup;
			children = (
				8F45A0762B47964800BE1C43 /* TableTodoList */,
				8F45A08D2B47964A00BE1C43 /* TableTodoListTests */,
				8F45A0972B47964A00BE1C43 /* TableTodoListUITests */,
				8F45A0752B47964800BE1C43 /* Products */,
			);
			sourceTree = "<group>";
		};
		8F45A0752B47964800BE1C43 /* Products */ = {
			isa = PBXGroup;
			children = (
				8F45A0742B47964800BE1C43 /* TableTodoList.app */,
				8F45A08A2B47964A00BE1C43 /* TableTodoListTests.xctest */,
				8F45A0942B47964A00BE1C43 /* TableTodoListUITests.xctest */,
			);
			name = Products;
			sourceTree = "<group>";
		};
		8F45A0762B47964800BE1C43 /* TableTodoList */ = {
			isa = PBXGroup;
			children = (
				8F45A0B02B47F48900BE1C43 /* cart.png */,
				8F45A0AF2B47F48900BE1C43 /* clock.png */,
				8F45A0B12B47F48900BE1C43 /* pencil.png */,
				8F45A0772B47964800BE1C43 /* AppDelegate.swift */,
				8F45A0A72B47EBC600BE1C43 /* TableViewController.swift */,
				8F45A0792B47964800BE1C43 /* SceneDelegate.swift */,
				8F45A0AB2B47EC8A00BE1C43 /* AddViewController.swift */,
				8F45A0AD2B47ECD900BE1C43 /* DetailViewController.swift */,
				8F45A07D2B47964800BE1C43 /* Main.storyboard */,
				8F45A0802B47964A00BE1C43 /* Assets.xcassets */,
				8F45A0822B47964A00BE1C43 /* LaunchScreen.storyboard */,
				8F45A0852B47964A00BE1C43 /* Info.plist */,
			);
			path = TableTodoList;
			sourceTree = "<group>";
		};
		8F45A08D2B47964A00BE1C43 /* TableTodoListTests */ = {
			isa = PBXGroup;
			children = (
				8F45A08E2B47964A00BE1C43 /* TableTodoListTests.swift */,
			);
			path = TableTodoListTests;
			sourceTree = "<group>";
		};
		8F45A0972B47964A00BE1C43 /* TableTodoListUITests */ = {
			isa = PBXGroup;
			children = (
				8F45A0982B47964A00BE1C43 /* TableTodoListUITests.swift */,
				8F45A09A2B47964A00BE1C43 /* TableTodoListUITestsLaunchTests.swift */,
			);
			path = TableTodoListUITests;
			sourceTree = "<group>";
		};
/* End PBXGroup section */

/* Begin PBXNativeTarget section */
		8F45A0732B47964800BE1C43 /* TableTodoList */ = {
			isa = PBXNativeTarget;
			buildConfigurationList = 8F45A09E2B47964A00BE1C43 /* Build configuration list for PBXNativeTarget "TableTodoList" */;
			buildPhases = (
				8F45A0702B47964800BE1C43 /* Sources */,
				8F45A0712B47964800BE1C43 /* Frameworks */,
				8F45A0722B47964800BE1C43 /* Resources */,
			);
			buildRules = (
			);
			dependencies = (
			);
			name = TableTodoList;
			productName = TableTodoList;
			productReference = 8F45A0742B47964800BE1C43 /* TableTodoList.app */;
			productType = "com.apple.product-type.application";
		};
		8F45A0892B47964A00BE1C43 /* TableTodoListTests */ = {
			isa = PBXNativeTarget;
			buildConfigurationList = 8F45A0A12B47964A00BE1C43 /* Build configuration list for PBXNativeTarget "TableTodoListTests" */;
			buildPhases = (
				8F45A0862B47964A00BE1C43 /* Sources */,
				8F45A0872B47964A00BE1C43 /* Frameworks */,
				8F45A0882B47964A00BE1C43 /* Resources */,
			);
			buildRules = (
			);
			dependencies = (
				8F45A08C2B47964A00BE1C43 /* PBXTargetDependency */,
			);
			name = TableTodoListTests;
			productName = TableTodoListTests;
			productReference = 8F45A08A2B47964A00BE1C43 /* TableTodoListTests.xctest */;
			productType = "com.apple.product-type.bundle.unit-test";
		};
		8F45A0932B47964A00BE1C43 /* TableTodoListUITests */ = {
			isa = PBXNativeTarget;
			buildConfigurationList = 8F45A0A42B47964A00BE1C43 /* Build configuration list for PBXNativeTarget "TableTodoListUITests" */;
			buildPhases = (
				8F45A0902B47964A00BE1C43 /* Sources */,
				8F45A0912B47964A00BE1C43 /* Frameworks */,
				8F45A0922B47964A00BE1C43 /* Resources */,
			);
			buildRules = (
			);
			dependencies = (
				8F45A0962B47964A00BE1C43 /* PBXTargetDependency */,
			);
			name = TableTodoListUITests;
			productName = TableTodoListUITests;
			productReference = 8F45A0942B47964A00BE1C43 /* TableTodoListUITests.xctest */;
			productType = "com.apple.product-type.bundle.ui-testing";
		};
/* End PBXNativeTarget section */

/* Begin PBXProject section */
		8F45A06C2B47964800BE1C43 /* Project object */ = {
			isa = PBXProject;
			attributes = {
				BuildIndependentTargetsInParallel = 1;
				LastSwiftUpdateCheck = 1420;
				LastUpgradeCheck = 1420;
				TargetAttributes = {
					8F45A0732B47964800BE1C43 = {
						CreatedOnToolsVersion = 14.2;
					};
					8F45A0892B47964A00BE1C43 = {
						CreatedOnToolsVersion = 14.2;
						TestTargetID = 8F45A0732B47964800BE1C43;
					};
					8F45A0932B47964A00BE1C43 = {
						CreatedOnToolsVersion = 14.2;
						TestTargetID = 8F45A0732B47964800BE1C43;
					};
				};
			};
			buildConfigurationList = 8F45A06F2B47964800BE1C43 /* Build configuration list for PBXProject "TableTodoList" */;
			compatibilityVersion = "Xcode 14.0";
			developmentRegion = en;
			hasScannedForEncodings = 0;
			knownRegions = (
				en,
				Base,
			);
			mainGroup = 8F45A06B2B47964800BE1C43;
			productRefGroup = 8F45A0752B47964800BE1C43 /* Products */;
			projectDirPath = "";
			projectRoot = "";
			targets = (
				8F45A0732B47964800BE1C43 /* TableTodoList */,
				8F45A0892B47964A00BE1C43 /* TableTodoListTests */,
				8F45A0932B47964A00BE1C43 /* TableTodoListUITests */,
			);
		};
/* End PBXProject section */

/* Begin PBXResourcesBuildPhase section */
		8F45A0722B47964800BE1C43 /* Resources */ = {
			isa = PBXResourcesBuildPhase;
			buildActionMask = 2147483647;
			files = (
				8F45A0B42B47F48900BE1C43 /* pencil.png in Resources */,
				8F45A0B22B47F48900BE1C43 /* clock.png in Resources */,
				8F45A0B32B47F48900BE1C43 /* cart.png in Resources */,
				8F45A0842B47964A00BE1C43 /* LaunchScreen.storyboard in Resources */,
				8F45A0812B47964A00BE1C43 /* Assets.xcassets in Resources */,
				8F45A07F2B47964800BE1C43 /* Main.storyboard in Resources */,
			);
			runOnlyForDeploymentPostprocessing = 0;
		};
		8F45A0882B47964A00BE1C43 /* Resources */ = {
			isa = PBXResourcesBuildPhase;
			buildActionMask = 2147483647;
			files = (
			);
			runOnlyForDeploymentPostprocessing = 0;
		};
		8F45A0922B47964A00BE1C43 /* Resources */ = {
			isa = PBXResourcesBuildPhase;
			buildActionMask = 2147483647;
			files = (
			);
			runOnlyForDeploymentPostprocessing = 0;
		};
/* End PBXResourcesBuildPhase section */

/* Begin PBXSourcesBuildPhase section */
		8F45A0702B47964800BE1C43 /* Sources */ = {
			isa = PBXSourcesBuildPhase;
			buildActionMask = 2147483647;
			files = (
				8F45A0782B47964800BE1C43 /* AppDelegate.swift in Sources */,
				8F45A0A82B47EBC600BE1C43 /* TableViewController.swift in Sources */,
				8F45A0AE2B47ECD900BE1C43 /* DetailViewController.swift in Sources */,
				8F45A0AC2B47EC8A00BE1C43 /* AddViewController.swift in Sources */,
				8F45A07A2B47964800BE1C43 /* SceneDelegate.swift in Sources */,
			);
			runOnlyForDeploymentPostprocessing = 0;
		};
		8F45A0862B47964A00BE1C43 /* Sources */ = {
			isa = PBXSourcesBuildPhase;
			buildActionMask = 2147483647;
			files = (
				8F45A08F2B47964A00BE1C43 /* TableTodoListTests.swift in Sources */,
			);
			runOnlyForDeploymentPostprocessing = 0;
		};
		8F45A0902B47964A00BE1C43 /* Sources */ = {
			isa = PBXSourcesBuildPhase;
			buildActionMask = 2147483647;
			files = (
				8F45A0992B47964A00BE1C43 /* TableTodoListUITests.swift in Sources */,
				8F45A09B2B47964A00BE1C43 /* TableTodoListUITestsLaunchTests.swift in Sources */,
			);
			runOnlyForDeploymentPostprocessing = 0;
		};
/* End PBXSourcesBuildPhase section */

/* Begin PBXTargetDependency section */
		8F45A08C2B47964A00BE1C43 /* PBXTargetDependency */ = {
			isa = PBXTargetDependency;
			target = 8F45A0732B47964800BE1C43 /* TableTodoList */;
			targetProxy = 8F45A08B2B47964A00BE1C43 /* PBXContainerItemProxy */;
		};
		8F45A0962B47964A00BE1C43 /* PBXTargetDependency */ = {
			isa = PBXTargetDependency;
			target = 8F45A0732B47964800BE1C43 /* TableTodoList */;
			targetProxy = 8F45A0952B47964A00BE1C43 /* PBXContainerItemProxy */;
		};
/* End PBXTargetDependency section */

/* Begin PBXVariantGroup section */
		8F45A07D2B47964800BE1C43 /* Main.storyboard */ = {
			isa = PBXVariantGroup;
			children = (
				8F45A07E2B47964800BE1C43 /* Base */,
			);
			name = Main.storyboard;
			sourceTree = "<group>";
		};
		8F45A0822B47964A00BE1C43 /* LaunchScreen.storyboard */ = {
			isa = PBXVariantGroup;
			children = (
				8F45A0832B47964A00BE1C43 /* Base */,
			);
			name = LaunchScreen.storyboard;
			sourceTree = "<group>";
		};
/* End PBXVariantGroup section */

/* Begin XCBuildConfiguration section */
		8F45A09C2B47964A00BE1C43 /* Debug */ = {
			isa = XCBuildConfiguration;
			buildSettings = {
				ALWAYS_SEARCH_USER_PATHS = NO;
				CLANG_ANALYZER_NONNULL = YES;
				CLANG_ANALYZER_NUMBER_OBJECT_CONVERSION = YES_AGGRESSIVE;
				CLANG_CXX_LANGUAGE_STANDARD = "gnu++20";
				CLANG_ENABLE_MODULES = YES;
				CLANG_ENABLE_OBJC_ARC = YES;
				CLANG_ENABLE_OBJC_WEAK = YES;
				CLANG_WARN_BLOCK_CAPTURE_AUTORELEASING = YES;
				CLANG_WARN_BOOL_CONVERSION = YES;
				CLANG_WARN_COMMA = YES;
				CLANG_WARN_CONSTANT_CONVERSION = YES;
				CLANG_WARN_DEPRECATED_OBJC_IMPLEMENTATIONS = YES;
				CLANG_WARN_DIRECT_OBJC_ISA_USAGE = YES_ERROR;
				CLANG_WARN_DOCUMENTATION_COMMENTS = YES;
				CLANG_WARN_EMPTY_BODY = YES;
				CLANG_WARN_ENUM_CONVERSION = YES;
				CLANG_WARN_INFINITE_RECURSION = YES;
				CLANG_WARN_INT_CONVERSION = YES;
				CLANG_WARN_NON_LITERAL_NULL_CONVERSION = YES;
				CLANG_WARN_OBJC_IMPLICIT_RETAIN_SELF = YES;
				CLANG_WARN_OBJC_LITERAL_CONVERSION = YES;
				CLANG_WARN_OBJC_ROOT_CLASS = YES_ERROR;
				CLANG_WARN_QUOTED_INCLUDE_IN_FRAMEWORK_HEADER = YES;
				CLANG_WARN_RANGE_LOOP_ANALYSIS = YES;
				CLANG_WARN_STRICT_PROTOTYPES = YES;
				CLANG_WARN_SUSPICIOUS_MOVE = YES;
				CLANG_WARN_UNGUARDED_AVAILABILITY = YES_AGGRESSIVE;
				CLANG_WARN_UNREACHABLE_CODE = YES;
				CLANG_WARN__DUPLICATE_METHOD_MATCH = YES;
				COPY_PHASE_STRIP = NO;
				DEBUG_INFORMATION_FORMAT = dwarf;
				ENABLE_STRICT_OBJC_MSGSEND = YES;
				ENABLE_TESTABILITY = YES;
				GCC_C_LANGUAGE_STANDARD = gnu11;
				GCC_DYNAMIC_NO_PIC = NO;
				GCC_NO_COMMON_BLOCKS = YES;
				GCC_OPTIMIZATION_LEVEL = 0;
				GCC_PREPROCESSOR_DEFINITIONS = (
					"DEBUG=1",
					"$(inherited)",
				);
				GCC_WARN_64_TO_32_BIT_CONVERSION = YES;
				GCC_WARN_ABOUT_RETURN_TYPE = YES_ERROR;
				GCC_WARN_UNDECLARED_SELECTOR = YES;
				GCC_WARN_UNINITIALIZED_AUTOS = YES_AGGRESSIVE;
				GCC_WARN_UNUSED_FUNCTION = YES;
				GCC_WARN_UNUSED_VARIABLE = YES;
				IPHONEOS_DEPLOYMENT_TARGET = 16.2;
				MTL_ENABLE_DEBUG_INFO = INCLUDE_SOURCE;
				MTL_FAST_MATH = YES;
				ONLY_ACTIVE_ARCH = YES;
				SDKROOT = iphoneos;
				SWIFT_ACTIVE_COMPILATION_CONDITIONS = DEBUG;
				SWIFT_OPTIMIZATION_LEVEL = "-Onone";
			};
			name = Debug;
		};
		8F45A09D2B47964A00BE1C43 /* Release */ = {
			isa = XCBuildConfiguration;
			buildSettings = {
				ALWAYS_SEARCH_USER_PATHS = NO;
				CLANG_ANALYZER_NONNULL = YES;
				CLANG_ANALYZER_NUMBER_OBJECT_CONVERSION = YES_AGGRESSIVE;
				CLANG_CXX_LANGUAGE_STANDARD = "gnu++20";
				CLANG_ENABLE_MODULES = YES;
				CLANG_ENABLE_OBJC_ARC = YES;
				CLANG_ENABLE_OBJC_WEAK = YES;
				CLANG_WARN_BLOCK_CAPTURE_AUTORELEASING = YES;
				CLANG_WARN_BOOL_CONVERSION = YES;
				CLANG_WARN_COMMA = YES;
				CLANG_WARN_CONSTANT_CONVERSION = YES;
				CLANG_WARN_DEPRECATED_OBJC_IMPLEMENTATIONS = YES;
				CLANG_WARN_DIRECT_OBJC_ISA_USAGE = YES_ERROR;
				CLANG_WARN_DOCUMENTATION_COMMENTS = YES;
				CLANG_WARN_EMPTY_BODY = YES;
				CLANG_WARN_ENUM_CONVERSION = YES;
				CLANG_WARN_INFINITE_RECURSION = YES;
				CLANG_WARN_INT_CONVERSION = YES;
				CLANG_WARN_NON_LITERAL_NULL_CONVERSION = YES;
				CLANG_WARN_OBJC_IMPLICIT_RETAIN_SELF = YES;
				CLANG_WARN_OBJC_LITERAL_CONVERSION = YES;
				CLANG_WARN_OBJC_ROOT_CLASS = YES_ERROR;
				CLANG_WARN_QUOTED_INCLUDE_IN_FRAMEWORK_HEADER = YES;
				CLANG_WARN_RANGE_LOOP_ANALYSIS = YES;
				CLANG_WARN_STRICT_PROTOTYPES = YES;
				CLANG_WARN_SUSPICIOUS_MOVE = YES;
				CLANG_WARN_UNGUARDED_AVAILABILITY = YES_AGGRESSIVE;
				CLANG_WARN_UNREACHABLE_CODE = YES;
				CLANG_WARN__DUPLICATE_METHOD_MATCH = YES;
				COPY_PHASE_STRIP = NO;
				DEBUG_INFORMATION_FORMAT = "dwarf-with-dsym";
				ENABLE_NS_ASSERTIONS = NO;
				ENABLE_STRICT_OBJC_MSGSEND = YES;
				GCC_C_LANGUAGE_STANDARD = gnu11;
				GCC_NO_COMMON_BLOCKS = YES;
				GCC_WARN_64_TO_32_BIT_CONVERSION = YES;
				GCC_WARN_ABOUT_RETURN_TYPE = YES_ERROR;
				GCC_WARN_UNDECLARED_SELECTOR = YES;
				GCC_WARN_UNINITIALIZED_AUTOS = YES_AGGRESSIVE;
				GCC_WARN_UNUSED_FUNCTION = YES;
				GCC_WARN_UNUSED_VARIABLE = YES;
				IPHONEOS_DEPLOYMENT_TARGET = 16.2;
				MTL_ENABLE_DEBUG_INFO = NO;
				MTL_FAST_MATH = YES;
				SDKROOT = iphoneos;
				SWIFT_COMPILATION_MODE = wholemodule;
				SWIFT_OPTIMIZATION_LEVEL = "-O";
				VALIDATE_PRODUCT = YES;
			};
			name = Release;
		};
		8F45A09F2B47964A00BE1C43 /* Debug */ = {
			isa = XCBuildConfiguration;
			buildSettings = {
				ASSETCATALOG_COMPILER_APPICON_NAME = AppIcon;
				ASSETCATALOG_COMPILER_GLOBAL_ACCENT_COLOR_NAME = AccentColor;
				CODE_SIGN_STYLE = Automatic;
				CURRENT_PROJECT_VERSION = 1;
				GENERATE_INFOPLIST_FILE = YES;
				INFOPLIST_FILE = TableTodoList/Info.plist;
				INFOPLIST_KEY_UIApplicationSupportsIndirectInputEvents = YES;
				INFOPLIST_KEY_UILaunchStoryboardName = LaunchScreen;
				INFOPLIST_KEY_UIMainStoryboardFile = Main;
				INFOPLIST_KEY_UISupportedInterfaceOrientations_iPad = "UIInterfaceOrientationPortrait UIInterfaceOrientationPortraitUpsideDown UIInterfaceOrientationLandscapeLeft UIInterfaceOrientationLandscapeRight";
				INFOPLIST_KEY_UISupportedInterfaceOrientations_iPhone = "UIInterfaceOrientationPortrait UIInterfaceOrientationLandscapeLeft UIInterfaceOrientationLandscapeRight";
				LD_RUNPATH_SEARCH_PATHS = (
					"$(inherited)",
					"@executable_path/Frameworks",
				);
				MARKETING_VERSION = 1.0;
				PRODUCT_BUNDLE_IDENTIFIER = soyoung.TableTodoList;
				PRODUCT_NAME = "$(TARGET_NAME)";
				SWIFT_EMIT_LOC_STRINGS = YES;
				SWIFT_VERSION = 5.0;
				TARGETED_DEVICE_FAMILY = "1,2";
			};
			name = Debug;
		};
		8F45A0A02B47964A00BE1C43 /* Release */ = {
			isa = XCBuildConfiguration;
			buildSettings = {
				ASSETCATALOG_COMPILER_APPICON_NAME = AppIcon;
				ASSETCATALOG_COMPILER_GLOBAL_ACCENT_COLOR_NAME = AccentColor;
				CODE_SIGN_STYLE = Automatic;
				CURRENT_PROJECT_VERSION = 1;
				GENERATE_INFOPLIST_FILE = YES;
				INFOPLIST_FILE = TableTodoList/Info.plist;
				INFOPLIST_KEY_UIApplicationSupportsIndirectInputEvents = YES;
				INFOPLIST_KEY_UILaunchStoryboardName = LaunchScreen;
				INFOPLIST_KEY_UIMainStoryboardFile = Main;
				INFOPLIST_KEY_UISupportedInterfaceOrientations_iPad = "UIInterfaceOrientationPortrait UIInterfaceOrientationPortraitUpsideDown UIInterfaceOrientationLandscapeLeft UIInterfaceOrientationLandscapeRight";
				INFOPLIST_KEY_UISupportedInterfaceOrientations_iPhone = "UIInterfaceOrientationPortrait UIInterfaceOrientationLandscapeLeft UIInterfaceOrientationLandscapeRight";
				LD_RUNPATH_SEARCH_PATHS = (
					"$(inherited)",
					"@executable_path/Frameworks",
				);
				MARKETING_VERSION = 1.0;
				PRODUCT_BUNDLE_IDENTIFIER = soyoung.TableTodoList;
				PRODUCT_NAME = "$(TARGET_NAME)";
				SWIFT_EMIT_LOC_STRINGS = YES;
				SWIFT_VERSION = 5.0;
				TARGETED_DEVICE_FAMILY = "1,2";
			};
			name = Release;
		};
		8F45A0A22B47964A00BE1C43 /* Debug */ = {
			isa = XCBuildConfiguration;
			buildSettings = {
				ALWAYS_EMBED_SWIFT_STANDARD_LIBRARIES = YES;
				BUNDLE_LOADER = "$(TEST_HOST)";
				CODE_SIGN_STYLE = Automatic;
				CURRENT_PROJECT_VERSION = 1;
				GENERATE_INFOPLIST_FILE = YES;
				IPHONEOS_DEPLOYMENT_TARGET = 16.2;
				MARKETING_VERSION = 1.0;
				PRODUCT_BUNDLE_IDENTIFIER = soyoung.TableTodoListTests;
				PRODUCT_NAME = "$(TARGET_NAME)";
				SWIFT_EMIT_LOC_STRINGS = NO;
				SWIFT_VERSION = 5.0;
				TARGETED_DEVICE_FAMILY = "1,2";
				TEST_HOST = "$(BUILT_PRODUCTS_DIR)/TableTodoList.app/$(BUNDLE_EXECUTABLE_FOLDER_PATH)/TableTodoList";
			};
			name = Debug;
		};
		8F45A0A32B47964A00BE1C43 /* Release */ = {
			isa = XCBuildConfiguration;
			buildSettings = {
				ALWAYS_EMBED_SWIFT_STANDARD_LIBRARIES = YES;
				BUNDLE_LOADER = "$(TEST_HOST)";
				CODE_SIGN_STYLE = Automatic;
				CURRENT_PROJECT_VERSION = 1;
				GENERATE_INFOPLIST_FILE = YES;
				IPHONEOS_DEPLOYMENT_TARGET = 16.2;
				MARKETING_VERSION = 1.0;
				PRODUCT_BUNDLE_IDENTIFIER = soyoung.TableTodoListTests;
				PRODUCT_NAME = "$(TARGET_NAME)";
				SWIFT_EMIT_LOC_STRINGS = NO;
				SWIFT_VERSION = 5.0;
				TARGETED_DEVICE_FAMILY = "1,2";
				TEST_HOST = "$(BUILT_PRODUCTS_DIR)/TableTodoList.app/$(BUNDLE_EXECUTABLE_FOLDER_PATH)/TableTodoList";
			};
			name = Release;
		};
		8F45A0A52B47964A00BE1C43 /* Debug */ = {
			isa = XCBuildConfiguration;
			buildSettings = {
				ALWAYS_EMBED_SWIFT_STANDARD_LIBRARIES = YES;
				CODE_SIGN_STYLE = Automatic;
				CURRENT_PROJECT_VERSION = 1;
				GENERATE_INFOPLIST_FILE = YES;
				MARKETING_VERSION = 1.0;
				PRODUCT_BUNDLE_IDENTIFIER = soyoung.TableTodoListUITests;
				PRODUCT_NAME = "$(TARGET_NAME)";
				SWIFT_EMIT_LOC_STRINGS = NO;
				SWIFT_VERSION = 5.0;
				TARGETED_DEVICE_FAMILY = "1,2";
				TEST_TARGET_NAME = TableTodoList;
			};
			name = Debug;
		};
		8F45A0A62B47964A00BE1C43 /* Release */ = {
			isa = XCBuildConfiguration;
			buildSettings = {
				ALWAYS_EMBED_SWIFT_STANDARD_LIBRARIES = YES;
				CODE_SIGN_STYLE = Automatic;
				CURRENT_PROJECT_VERSION = 1;
				GENERATE_INFOPLIST_FILE = YES;
				MARKETING_VERSION = 1.0;
				PRODUCT_BUNDLE_IDENTIFIER = soyoung.TableTodoListUITests;
				PRODUCT_NAME = "$(TARGET_NAME)";
				SWIFT_EMIT_LOC_STRINGS = NO;
				SWIFT_VERSION = 5.0;
				TARGETED_DEVICE_FAMILY = "1,2";
				TEST_TARGET_NAME = TableTodoList;
			};
			name = Release;
		};
/* End XCBuildConfiguration section */

/* Begin XCConfigurationList section */
		8F45A06F2B47964800BE1C43 /* Build configuration list for PBXProject "TableTodoList" */ = {
			isa = XCConfigurationList;
			buildConfigurations = (
				8F45A09C2B47964A00BE1C43 /* Debug */,
				8F45A09D2B47964A00BE1C43 /* Release */,
			);
			defaultConfigurationIsVisible = 0;
			defaultConfigurationName = Release;
		};
		8F45A09E2B47964A00BE1C43 /* Build configuration list for PBXNativeTarget "TableTodoList" */ = {
			isa = XCConfigurationList;
			buildConfigurations = (
				8F45A09F2B47964A00BE1C43 /* Debug */,
				8F45A0A02B47964A00BE1C43 /* Release */,
			);
			defaultConfigurationIsVisible = 0;
			defaultConfigurationName = Release;
		};
		8F45A0A12B47964A00BE1C43 /* Build configuration list for PBXNativeTarget "TableTodoListTests" */ = {
			isa = XCConfigurationList;
			buildConfigurations = (
				8F45A0A22B47964A00BE1C43 /* Debug */,
				8F45A0A32B47964A00BE1C43 /* Release */,
			);
			defaultConfigurationIsVisible = 0;
			defaultConfigurationName = Release;
		};
		8F45A0A42B47964A00BE1C43 /* Build configuration list for PBXNativeTarget "TableTodoListUITests" */ = {
			isa = XCConfigurationList;
			buildConfigurations = (
				8F45A0A52B47964A00BE1C43 /* Debug */,
				8F45A0A62B47964A00BE1C43 /* Release */,
			);
			defaultConfigurationIsVisible = 0;
			defaultConfigurationName = Release;
		};
/* End XCConfigurationList section */
	};
	rootObject = 8F45A06C2B47964800BE1C43 /* Project object */;
}
